
Microsoft Visual Studio Solution File, Format Version 12.00
# Visual Studio 15
VisualStudioVersion = 15.0.27004.2002
MinimumVisualStudioVersion = 10.0.40219.1
Project("{FAE04EC0-301F-11D3-BF4B-00C04F79EFBC}") = "Task2.Library", "Task2.Library\Task2.Library.csproj", "{EE9FC6CF-99FF-4C4C-911E-290B506B8DB6}"
EndProject
Project("{FAE04EC0-301F-11D3-BF4B-00C04F79EFBC}") = "Task2.Test2", "Task2.Test2\Task2.Test2.csproj", "{7FF25FA8-B763-43FD-AA3F-377E79289B59}"
EndProject
Global
	GlobalSection(SolutionConfigurationPlatforms) = preSolution
		Debug|Any CPU = Debug|Any CPU
		Release|Any CPU = Release|Any CPU
	EndGlobalSection
	GlobalSection(ProjectConfigurationPlatforms) = postSolution
		{EE9FC6CF-99FF-4C4C-911E-290B506B8DB6}.Debug|Any CPU.ActiveCfg = Debug|Any CPU
		{EE9FC6CF-99FF-4C4C-911E-290B506B8DB6}.Debug|Any CPU.Build.0 = Debug|Any CPU
		{EE9FC6CF-99FF-4C4C-911E-290B506B8DB6}.Release|Any CPU.ActiveCfg = Release|Any CPU
		{EE9FC6CF-99FF-4C4C-911E-290B506B8DB6}.Release|Any CPU.Build.0 = Release|Any CPU
		{7FF25FA8-B763-43FD-AA3F-377E79289B59}.Debug|Any CPU.ActiveCfg = Debug|Any CPU
		{7FF25FA8-B763-43FD-AA3F-377E79289B59}.Debug|Any CPU.Build.0 = Debug|Any CPU
		{7FF25FA8-B763-43FD-AA3F-377E79289B59}.Release|Any CPU.ActiveCfg = Release|Any CPU
		{7FF25FA8-B763-43FD-AA3F-377E79289B59}.Release|Any CPU.Build.0 = Release|Any CPU
	EndGlobalSection
	GlobalSection(SolutionProperties) = preSolution
		HideSolutionNode = FALSE
	EndGlobalSection
	GlobalSection(ExtensibilityGlobals) = postSolution
		SolutionGuid = {A8FE7FD9-6638-4C62-BC8B-E7F660EFAA42}
	EndGlobalSection
EndGlobal
